
Microsoft Visual Studio Solution File, Format Version 12.00
# Visual Studio Version 17
VisualStudioVersion = 17.7.34009.444
MinimumVisualStudioVersion = 10.0.40219.1
Project("{2150E333-8FDC-42A3-9474-1A3956D46DE8}") = "Task1", "Task1", "{B4AF4178-8A5F-4902-B83B-C5AA81029A3B}"
EndProject
Project("{9A19103F-16F7-4668-BE54-9A1E7A4F7556}") = "ConsolePrinter", "ConsolePrinter\ConsolePrinter.csproj", "{34C4D075-4CC9-4A48-9A86-FACE6FD6495C}"
EndProject
Project("{9A19103F-16F7-4668-BE54-9A1E7A4F7556}") = "TestConsolePrinter", "TestConsolePrinter\TestConsolePrinter.csproj", "{958E67C3-516C-4A7B-8C83-9AFC8712E9DC}"
EndProject
Project("{2150E333-8FDC-42A3-9474-1A3956D46DE8}") = "Task2", "Task2", "{8DCABF45-C214-4548-8D9E-C8184503AB13}"
EndProject
Project("{FAE04EC0-301F-11D3-BF4B-00C04F79EFBC}") = "Task2", "Task2\Task2.csproj", "{3624AB04-6638-4C14-A6DB-088E9035CA0E}"
EndProject
Project("{FAE04EC0-301F-11D3-BF4B-00C04F79EFBC}") = "TestTask2", "TestTask2\TestTask2.csproj", "{2F98CE6B-886F-4D61-8C57-4637E835762F}"
EndProject
Project("{2150E333-8FDC-42A3-9474-1A3956D46DE8}") = "Task3", "Task3", "{42A89546-E47E-4060-AF94-8CFC035A8021}"
EndProject
Project("{FAE04EC0-301F-11D3-BF4B-00C04F79EFBC}") = "Task3", "Task3\Task3.csproj", "{BE74BC05-A255-4700-A44C-2F41D97D525D}"
EndProject
Project("{FAE04EC0-301F-11D3-BF4B-00C04F79EFBC}") = "TestTask3", "TestTask3\TestTask3.csproj", "{79E89107-C472-4635-BEF3-B8178187097B}"
EndProject
Global
	GlobalSection(SolutionConfigurationPlatforms) = preSolution
		Debug|Any CPU = Debug|Any CPU
		Release|Any CPU = Release|Any CPU
	EndGlobalSection
	GlobalSection(ProjectConfigurationPlatforms) = postSolution
		{34C4D075-4CC9-4A48-9A86-FACE6FD6495C}.Debug|Any CPU.ActiveCfg = Debug|Any CPU
		{34C4D075-4CC9-4A48-9A86-FACE6FD6495C}.Debug|Any CPU.Build.0 = Debug|Any CPU
		{34C4D075-4CC9-4A48-9A86-FACE6FD6495C}.Release|Any CPU.ActiveCfg = Release|Any CPU
		{34C4D075-4CC9-4A48-9A86-FACE6FD6495C}.Release|Any CPU.Build.0 = Release|Any CPU
		{958E67C3-516C-4A7B-8C83-9AFC8712E9DC}.Debug|Any CPU.ActiveCfg = Debug|Any CPU
		{958E67C3-516C-4A7B-8C83-9AFC8712E9DC}.Debug|Any CPU.Build.0 = Debug|Any CPU
		{958E67C3-516C-4A7B-8C83-9AFC8712E9DC}.Release|Any CPU.ActiveCfg = Release|Any CPU
		{958E67C3-516C-4A7B-8C83-9AFC8712E9DC}.Release|Any CPU.Build.0 = Release|Any CPU
		{3624AB04-6638-4C14-A6DB-088E9035CA0E}.Debug|Any CPU.ActiveCfg = Debug|Any CPU
		{3624AB04-6638-4C14-A6DB-088E9035CA0E}.Debug|Any CPU.Build.0 = Debug|Any CPU
		{3624AB04-6638-4C14-A6DB-088E9035CA0E}.Release|Any CPU.ActiveCfg = Release|Any CPU
		{3624AB04-6638-4C14-A6DB-088E9035CA0E}.Release|Any CPU.Build.0 = Release|Any CPU
		{2F98CE6B-886F-4D61-8C57-4637E835762F}.Debug|Any CPU.ActiveCfg = Debug|Any CPU
		{2F98CE6B-886F-4D61-8C57-4637E835762F}.Debug|Any CPU.Build.0 = Debug|Any CPU
		{2F98CE6B-886F-4D61-8C57-4637E835762F}.Release|Any CPU.ActiveCfg = Release|Any CPU
		{2F98CE6B-886F-4D61-8C57-4637E835762F}.Release|Any CPU.Build.0 = Release|Any CPU
		{BE74BC05-A255-4700-A44C-2F41D97D525D}.Debug|Any CPU.ActiveCfg = Debug|Any CPU
		{BE74BC05-A255-4700-A44C-2F41D97D525D}.Debug|Any CPU.Build.0 = Debug|Any CPU
		{BE74BC05-A255-4700-A44C-2F41D97D525D}.Release|Any CPU.ActiveCfg = Release|Any CPU
		{BE74BC05-A255-4700-A44C-2F41D97D525D}.Release|Any CPU.Build.0 = Release|Any CPU
		{79E89107-C472-4635-BEF3-B8178187097B}.Debug|Any CPU.ActiveCfg = Debug|Any CPU
		{79E89107-C472-4635-BEF3-B8178187097B}.Debug|Any CPU.Build.0 = Debug|Any CPU
		{79E89107-C472-4635-BEF3-B8178187097B}.Release|Any CPU.ActiveCfg = Release|Any CPU
		{79E89107-C472-4635-BEF3-B8178187097B}.Release|Any CPU.Build.0 = Release|Any CPU
	EndGlobalSection
	GlobalSection(SolutionProperties) = preSolution
		HideSolutionNode = FALSE
	EndGlobalSection
	GlobalSection(NestedProjects) = preSolution
		{34C4D075-4CC9-4A48-9A86-FACE6FD6495C} = {B4AF4178-8A5F-4902-B83B-C5AA81029A3B}
		{958E67C3-516C-4A7B-8C83-9AFC8712E9DC} = {B4AF4178-8A5F-4902-B83B-C5AA81029A3B}
		{3624AB04-6638-4C14-A6DB-088E9035CA0E} = {8DCABF45-C214-4548-8D9E-C8184503AB13}
		{2F98CE6B-886F-4D61-8C57-4637E835762F} = {8DCABF45-C214-4548-8D9E-C8184503AB13}
		{BE74BC05-A255-4700-A44C-2F41D97D525D} = {42A89546-E47E-4060-AF94-8CFC035A8021}
		{79E89107-C472-4635-BEF3-B8178187097B} = {42A89546-E47E-4060-AF94-8CFC035A8021}
	EndGlobalSection
	GlobalSection(ExtensibilityGlobals) = postSolution
		SolutionGuid = {358FC09B-ECE5-40AB-99C6-679BDA5421F4}
	EndGlobalSection
EndGlobal
