
Microsoft Visual Studio Solution File, Format Version 12.00
# Visual Studio Version 17
VisualStudioVersion = 17.4.33122.133
MinimumVisualStudioVersion = 10.0.40219.1
Project("{FAE04EC0-301F-11D3-BF4B-00C04F79EFBC}") = "Task", "Task\Task.csproj", "{293EF1E7-B465-42AC-8EEA-0F05C1C604E3}"
EndProject
Project("{FAE04EC0-301F-11D3-BF4B-00C04F79EFBC}") = "SinLib", "SinLib\SinLib.csproj", "{20611476-DD47-49AC-9DCE-D9A2235023DE}"
EndProject
Global
	GlobalSection(SolutionConfigurationPlatforms) = preSolution
		Debug|Any CPU = Debug|Any CPU
		Release|Any CPU = Release|Any CPU
	EndGlobalSection
	GlobalSection(ProjectConfigurationPlatforms) = postSolution
		{293EF1E7-B465-42AC-8EEA-0F05C1C604E3}.Debug|Any CPU.ActiveCfg = Debug|Any CPU
		{293EF1E7-B465-42AC-8EEA-0F05C1C604E3}.Debug|Any CPU.Build.0 = Debug|Any CPU
		{293EF1E7-B465-42AC-8EEA-0F05C1C604E3}.Release|Any CPU.ActiveCfg = Release|Any CPU
		{293EF1E7-B465-42AC-8EEA-0F05C1C604E3}.Release|Any CPU.Build.0 = Release|Any CPU
		{20611476-DD47-49AC-9DCE-D9A2235023DE}.Debug|Any CPU.ActiveCfg = Debug|Any CPU
		{20611476-DD47-49AC-9DCE-D9A2235023DE}.Debug|Any CPU.Build.0 = Debug|Any CPU
		{20611476-DD47-49AC-9DCE-D9A2235023DE}.Release|Any CPU.ActiveCfg = Release|Any CPU
		{20611476-DD47-49AC-9DCE-D9A2235023DE}.Release|Any CPU.Build.0 = Release|Any CPU
	EndGlobalSection
	GlobalSection(SolutionProperties) = preSolution
		HideSolutionNode = FALSE
	EndGlobalSection
	GlobalSection(ExtensibilityGlobals) = postSolution
		SolutionGuid = {FD9E3F6E-B151-42A7-8AC1-2381F4EAFEF1}
	EndGlobalSection
EndGlobal
