
Microsoft Visual Studio Solution File, Format Version 12.00
# Visual Studio Version 16
VisualStudioVersion = 16.0.31702.278
MinimumVisualStudioVersion = 10.0.40219.1
Project("{FAE04EC0-301F-11D3-BF4B-00C04F79EFBC}") = "_153501_Vlasenko", "_153501_Vlasenko\_153501_Vlasenko.csproj", "{DB2BE756-BC47-45C2-A8DD-C0D4BC0B2070}"
EndProject
Global
	GlobalSection(SolutionConfigurationPlatforms) = preSolution
		Debug|Any CPU = Debug|Any CPU
		Release|Any CPU = Release|Any CPU
	EndGlobalSection
	GlobalSection(ProjectConfigurationPlatforms) = postSolution
		{DB2BE756-BC47-45C2-A8DD-C0D4BC0B2070}.Debug|Any CPU.ActiveCfg = Debug|Any CPU
		{DB2BE756-BC47-45C2-A8DD-C0D4BC0B2070}.Debug|Any CPU.Build.0 = Debug|Any CPU
		{DB2BE756-BC47-45C2-A8DD-C0D4BC0B2070}.Release|Any CPU.ActiveCfg = Release|Any CPU
		{DB2BE756-BC47-45C2-A8DD-C0D4BC0B2070}.Release|Any CPU.Build.0 = Release|Any CPU
	EndGlobalSection
	GlobalSection(SolutionProperties) = preSolution
		HideSolutionNode = FALSE
	EndGlobalSection
	GlobalSection(ExtensibilityGlobals) = postSolution
		SolutionGuid = {6B50CD8A-35C8-406F-9035-CC4079E3F43B}
	EndGlobalSection
EndGlobal
